
Microsoft Visual Studio Solution File, Format Version 12.00
# Visual Studio Version 16
VisualStudioVersion = 16.0.29102.190
MinimumVisualStudioVersion = 10.0.40219.1
Project("{FAE04EC0-301F-11D3-BF4B-00C04F79EFBC}") = "PaginasXamarinForms.UWP", "PaginasXamarinForms\PaginasXamarinForms.UWP\PaginasXamarinForms.UWP.csproj", "{8FB2B783-1927-4A51-9994-EDA3F29EB5F1}"
EndProject
Project("{FAE04EC0-301F-11D3-BF4B-00C04F79EFBC}") = "PaginasXamarinForms.Android", "PaginasXamarinForms\PaginasXamarinForms.Android\PaginasXamarinForms.Android.csproj", "{C0673F9B-05D0-4A58-86F4-F926412E1939}"
EndProject
Project("{FAE04EC0-301F-11D3-BF4B-00C04F79EFBC}") = "PaginasXamarinForms.iOS", "PaginasXamarinForms\PaginasXamarinForms.iOS\PaginasXamarinForms.iOS.csproj", "{165DD2FC-5135-42EB-A985-64A5F7043D00}"
EndProject
Project("{FAE04EC0-301F-11D3-BF4B-00C04F79EFBC}") = "PaginasXamarinForms", "PaginasXamarinForms\PaginasXamarinForms\PaginasXamarinForms.csproj", "{93E906F8-05EF-497D-BAF0-399AAC87A302}"
EndProject
Global
	GlobalSection(SolutionConfigurationPlatforms) = preSolution
		Debug|Any CPU = Debug|Any CPU
		Debug|ARM = Debug|ARM
		Debug|iPhone = Debug|iPhone
		Debug|iPhoneSimulator = Debug|iPhoneSimulator
		Debug|x64 = Debug|x64
		Debug|x86 = Debug|x86
		Release|Any CPU = Release|Any CPU
		Release|ARM = Release|ARM
		Release|iPhone = Release|iPhone
		Release|iPhoneSimulator = Release|iPhoneSimulator
		Release|x64 = Release|x64
		Release|x86 = Release|x86
	EndGlobalSection
	GlobalSection(ProjectConfigurationPlatforms) = postSolution
		{8FB2B783-1927-4A51-9994-EDA3F29EB5F1}.Debug|Any CPU.ActiveCfg = Debug|x86
		{8FB2B783-1927-4A51-9994-EDA3F29EB5F1}.Debug|Any CPU.Build.0 = Debug|x86
		{8FB2B783-1927-4A51-9994-EDA3F29EB5F1}.Debug|Any CPU.Deploy.0 = Debug|x86
		{8FB2B783-1927-4A51-9994-EDA3F29EB5F1}.Debug|ARM.ActiveCfg = Debug|ARM
		{8FB2B783-1927-4A51-9994-EDA3F29EB5F1}.Debug|ARM.Build.0 = Debug|ARM
		{8FB2B783-1927-4A51-9994-EDA3F29EB5F1}.Debug|ARM.Deploy.0 = Debug|ARM
		{8FB2B783-1927-4A51-9994-EDA3F29EB5F1}.Debug|iPhone.ActiveCfg = Debug|x86
		{8FB2B783-1927-4A51-9994-EDA3F29EB5F1}.Debug|iPhone.Build.0 = Debug|x86
		{8FB2B783-1927-4A51-9994-EDA3F29EB5F1}.Debug|iPhone.Deploy.0 = Debug|x86
		{8FB2B783-1927-4A51-9994-EDA3F29EB5F1}.Debug|iPhoneSimulator.ActiveCfg = Debug|x86
		{8FB2B783-1927-4A51-9994-EDA3F29EB5F1}.Debug|iPhoneSimulator.Build.0 = Debug|x86
		{8FB2B783-1927-4A51-9994-EDA3F29EB5F1}.Debug|iPhoneSimulator.Deploy.0 = Debug|x86
		{8FB2B783-1927-4A51-9994-EDA3F29EB5F1}.Debug|x64.ActiveCfg = Debug|x64
		{8FB2B783-1927-4A51-9994-EDA3F29EB5F1}.Debug|x64.Build.0 = Debug|x64
		{8FB2B783-1927-4A51-9994-EDA3F29EB5F1}.Debug|x64.Deploy.0 = Debug|x64
		{8FB2B783-1927-4A51-9994-EDA3F29EB5F1}.Debug|x86.ActiveCfg = Debug|x86
		{8FB2B783-1927-4A51-9994-EDA3F29EB5F1}.Debug|x86.Build.0 = Debug|x86
		{8FB2B783-1927-4A51-9994-EDA3F29EB5F1}.Debug|x86.Deploy.0 = Debug|x86
		{8FB2B783-1927-4A51-9994-EDA3F29EB5F1}.Release|Any CPU.ActiveCfg = Release|x86
		{8FB2B783-1927-4A51-9994-EDA3F29EB5F1}.Release|Any CPU.Build.0 = Release|x86
		{8FB2B783-1927-4A51-9994-EDA3F29EB5F1}.Release|Any CPU.Deploy.0 = Release|x86
		{8FB2B783-1927-4A51-9994-EDA3F29EB5F1}.Release|ARM.ActiveCfg = Release|ARM
		{8FB2B783-1927-4A51-9994-EDA3F29EB5F1}.Release|ARM.Build.0 = Release|ARM
		{8FB2B783-1927-4A51-9994-EDA3F29EB5F1}.Release|ARM.Deploy.0 = Release|ARM
		{8FB2B783-1927-4A51-9994-EDA3F29EB5F1}.Release|iPhone.ActiveCfg = Release|x86
		{8FB2B783-1927-4A51-9994-EDA3F29EB5F1}.Release|iPhone.Build.0 = Release|x86
		{8FB2B783-1927-4A51-9994-EDA3F29EB5F1}.Release|iPhone.Deploy.0 = Release|x86
		{8FB2B783-1927-4A51-9994-EDA3F29EB5F1}.Release|iPhoneSimulator.ActiveCfg = Release|x86
		{8FB2B783-1927-4A51-9994-EDA3F29EB5F1}.Release|iPhoneSimulator.Build.0 = Release|x86
		{8FB2B783-1927-4A51-9994-EDA3F29EB5F1}.Release|iPhoneSimulator.Deploy.0 = Release|x86
		{8FB2B783-1927-4A51-9994-EDA3F29EB5F1}.Release|x64.ActiveCfg = Release|x64
		{8FB2B783-1927-4A51-9994-EDA3F29EB5F1}.Release|x64.Build.0 = Release|x64
		{8FB2B783-1927-4A51-9994-EDA3F29EB5F1}.Release|x64.Deploy.0 = Release|x64
		{8FB2B783-1927-4A51-9994-EDA3F29EB5F1}.Release|x86.ActiveCfg = Release|x86
		{8FB2B783-1927-4A51-9994-EDA3F29EB5F1}.Release|x86.Build.0 = Release|x86
		{8FB2B783-1927-4A51-9994-EDA3F29EB5F1}.Release|x86.Deploy.0 = Release|x86
		{C0673F9B-05D0-4A58-86F4-F926412E1939}.Debug|Any CPU.ActiveCfg = Debug|Any CPU
		{C0673F9B-05D0-4A58-86F4-F926412E1939}.Debug|Any CPU.Build.0 = Debug|Any CPU
		{C0673F9B-05D0-4A58-86F4-F926412E1939}.Debug|Any CPU.Deploy.0 = Debug|Any CPU
		{C0673F9B-05D0-4A58-86F4-F926412E1939}.Debug|ARM.ActiveCfg = Debug|Any CPU
		{C0673F9B-05D0-4A58-86F4-F926412E1939}.Debug|ARM.Build.0 = Debug|Any CPU
		{C0673F9B-05D0-4A58-86F4-F926412E1939}.Debug|ARM.Deploy.0 = Debug|Any CPU
		{C0673F9B-05D0-4A58-86F4-F926412E1939}.Debug|iPhone.ActiveCfg = Debug|Any CPU
		{C0673F9B-05D0-4A58-86F4-F926412E1939}.Debug|iPhone.Build.0 = Debug|Any CPU
		{C0673F9B-05D0-4A58-86F4-F926412E1939}.Debug|iPhone.Deploy.0 = Debug|Any CPU
		{C0673F9B-05D0-4A58-86F4-F926412E1939}.Debug|iPhoneSimulator.ActiveCfg = Debug|Any CPU
		{C0673F9B-05D0-4A58-86F4-F926412E1939}.Debug|iPhoneSimulator.Build.0 = Debug|Any CPU
		{C0673F9B-05D0-4A58-86F4-F926412E1939}.Debug|iPhoneSimulator.Deploy.0 = Debug|Any CPU
		{C0673F9B-05D0-4A58-86F4-F926412E1939}.Debug|x64.ActiveCfg = Debug|Any CPU
		{C0673F9B-05D0-4A58-86F4-F926412E1939}.Debug|x64.Build.0 = Debug|Any CPU
		{C0673F9B-05D0-4A58-86F4-F926412E1939}.Debug|x64.Deploy.0 = Debug|Any CPU
		{C0673F9B-05D0-4A58-86F4-F926412E1939}.Debug|x86.ActiveCfg = Debug|Any CPU
		{C0673F9B-05D0-4A58-86F4-F926412E1939}.Debug|x86.Build.0 = Debug|Any CPU
		{C0673F9B-05D0-4A58-86F4-F926412E1939}.Debug|x86.Deploy.0 = Debug|Any CPU
		{C0673F9B-05D0-4A58-86F4-F926412E1939}.Release|Any CPU.ActiveCfg = Release|Any CPU
		{C0673F9B-05D0-4A58-86F4-F926412E1939}.Release|Any CPU.Build.0 = Release|Any CPU
		{C0673F9B-05D0-4A58-86F4-F926412E1939}.Release|Any CPU.Deploy.0 = Release|Any CPU
		{C0673F9B-05D0-4A58-86F4-F926412E1939}.Release|ARM.ActiveCfg = Release|Any CPU
		{C0673F9B-05D0-4A58-86F4-F926412E1939}.Release|ARM.Build.0 = Release|Any CPU
		{C0673F9B-05D0-4A58-86F4-F926412E1939}.Release|ARM.Deploy.0 = Release|Any CPU
		{C0673F9B-05D0-4A58-86F4-F926412E1939}.Release|iPhone.ActiveCfg = Release|Any CPU
		{C0673F9B-05D0-4A58-86F4-F926412E1939}.Release|iPhone.Build.0 = Release|Any CPU
		{C0673F9B-05D0-4A58-86F4-F926412E1939}.Release|iPhone.Deploy.0 = Release|Any CPU
		{C0673F9B-05D0-4A58-86F4-F926412E1939}.Release|iPhoneSimulator.ActiveCfg = Release|Any CPU
		{C0673F9B-05D0-4A58-86F4-F926412E1939}.Release|iPhoneSimulator.Build.0 = Release|Any CPU
		{C0673F9B-05D0-4A58-86F4-F926412E1939}.Release|iPhoneSimulator.Deploy.0 = Release|Any CPU
		{C0673F9B-05D0-4A58-86F4-F926412E1939}.Release|x64.ActiveCfg = Release|Any CPU
		{C0673F9B-05D0-4A58-86F4-F926412E1939}.Release|x64.Build.0 = Release|Any CPU
		{C0673F9B-05D0-4A58-86F4-F926412E1939}.Release|x64.Deploy.0 = Release|Any CPU
		{C0673F9B-05D0-4A58-86F4-F926412E1939}.Release|x86.ActiveCfg = Release|Any CPU
		{C0673F9B-05D0-4A58-86F4-F926412E1939}.Release|x86.Build.0 = Release|Any CPU
		{C0673F9B-05D0-4A58-86F4-F926412E1939}.Release|x86.Deploy.0 = Release|Any CPU
		{165DD2FC-5135-42EB-A985-64A5F7043D00}.Debug|Any CPU.ActiveCfg = Debug|iPhone
		{165DD2FC-5135-42EB-A985-64A5F7043D00}.Debug|Any CPU.Build.0 = Debug|iPhone
		{165DD2FC-5135-42EB-A985-64A5F7043D00}.Debug|Any CPU.Deploy.0 = Debug|iPhone
		{165DD2FC-5135-42EB-A985-64A5F7043D00}.Debug|ARM.ActiveCfg = Debug|iPhoneSimulator
		{165DD2FC-5135-42EB-A985-64A5F7043D00}.Debug|ARM.Build.0 = Debug|iPhoneSimulator
		{165DD2FC-5135-42EB-A985-64A5F7043D00}.Debug|ARM.Deploy.0 = Debug|iPhoneSimulator
		{165DD2FC-5135-42EB-A985-64A5F7043D00}.Debug|iPhone.ActiveCfg = Debug|iPhone
		{165DD2FC-5135-42EB-A985-64A5F7043D00}.Debug|iPhone.Build.0 = Debug|iPhone
		{165DD2FC-5135-42EB-A985-64A5F7043D00}.Debug|iPhone.Deploy.0 = Debug|iPhone
		{165DD2FC-5135-42EB-A985-64A5F7043D00}.Debug|iPhoneSimulator.ActiveCfg = Debug|iPhoneSimulator
		{165DD2FC-5135-42EB-A985-64A5F7043D00}.Debug|iPhoneSimulator.Build.0 = Debug|iPhoneSimulator
		{165DD2FC-5135-42EB-A985-64A5F7043D00}.Debug|iPhoneSimulator.Deploy.0 = Debug|iPhoneSimulator
		{165DD2FC-5135-42EB-A985-64A5F7043D00}.Debug|x64.ActiveCfg = Debug|iPhone
		{165DD2FC-5135-42EB-A985-64A5F7043D00}.Debug|x64.Build.0 = Debug|iPhone
		{165DD2FC-5135-42EB-A985-64A5F7043D00}.Debug|x64.Deploy.0 = Debug|iPhone
		{165DD2FC-5135-42EB-A985-64A5F7043D00}.Debug|x86.ActiveCfg = Debug|iPhone
		{165DD2FC-5135-42EB-A985-64A5F7043D00}.Debug|x86.Build.0 = Debug|iPhone
		{165DD2FC-5135-42EB-A985-64A5F7043D00}.Debug|x86.Deploy.0 = Debug|iPhone
		{165DD2FC-5135-42EB-A985-64A5F7043D00}.Release|Any CPU.ActiveCfg = Release|iPhone
		{165DD2FC-5135-42EB-A985-64A5F7043D00}.Release|Any CPU.Build.0 = Release|iPhone
		{165DD2FC-5135-42EB-A985-64A5F7043D00}.Release|Any CPU.Deploy.0 = Release|iPhone
		{165DD2FC-5135-42EB-A985-64A5F7043D00}.Release|ARM.ActiveCfg = Release|iPhone
		{165DD2FC-5135-42EB-A985-64A5F7043D00}.Release|ARM.Build.0 = Release|iPhone
		{165DD2FC-5135-42EB-A985-64A5F7043D00}.Release|ARM.Deploy.0 = Release|iPhone
		{165DD2FC-5135-42EB-A985-64A5F7043D00}.Release|iPhone.ActiveCfg = Release|iPhone
		{165DD2FC-5135-42EB-A985-64A5F7043D00}.Release|iPhone.Build.0 = Release|iPhone
		{165DD2FC-5135-42EB-A985-64A5F7043D00}.Release|iPhone.Deploy.0 = Release|iPhone
		{165DD2FC-5135-42EB-A985-64A5F7043D00}.Release|iPhoneSimulator.ActiveCfg = Release|iPhoneSimulator
		{165DD2FC-5135-42EB-A985-64A5F7043D00}.Release|iPhoneSimulator.Build.0 = Release|iPhoneSimulator
		{165DD2FC-5135-42EB-A985-64A5F7043D00}.Release|iPhoneSimulator.Deploy.0 = Release|iPhoneSimulator
		{165DD2FC-5135-42EB-A985-64A5F7043D00}.Release|x64.ActiveCfg = Release|iPhone
		{165DD2FC-5135-42EB-A985-64A5F7043D00}.Release|x64.Build.0 = Release|iPhone
		{165DD2FC-5135-42EB-A985-64A5F7043D00}.Release|x64.Deploy.0 = Release|iPhone
		{165DD2FC-5135-42EB-A985-64A5F7043D00}.Release|x86.ActiveCfg = Release|iPhone
		{165DD2FC-5135-42EB-A985-64A5F7043D00}.Release|x86.Build.0 = Release|iPhone
		{165DD2FC-5135-42EB-A985-64A5F7043D00}.Release|x86.Deploy.0 = Release|iPhone
		{93E906F8-05EF-497D-BAF0-399AAC87A302}.Debug|Any CPU.ActiveCfg = Debug|Any CPU
		{93E906F8-05EF-497D-BAF0-399AAC87A302}.Debug|Any CPU.Build.0 = Debug|Any CPU
		{93E906F8-05EF-497D-BAF0-399AAC87A302}.Debug|Any CPU.Deploy.0 = Debug|Any CPU
		{93E906F8-05EF-497D-BAF0-399AAC87A302}.Debug|ARM.ActiveCfg = Debug|Any CPU
		{93E906F8-05EF-497D-BAF0-399AAC87A302}.Debug|ARM.Build.0 = Debug|Any CPU
		{93E906F8-05EF-497D-BAF0-399AAC87A302}.Debug|ARM.Deploy.0 = Debug|Any CPU
		{93E906F8-05EF-497D-BAF0-399AAC87A302}.Debug|iPhone.ActiveCfg = Debug|Any CPU
		{93E906F8-05EF-497D-BAF0-399AAC87A302}.Debug|iPhone.Build.0 = Debug|Any CPU
		{93E906F8-05EF-497D-BAF0-399AAC87A302}.Debug|iPhone.Deploy.0 = Debug|Any CPU
		{93E906F8-05EF-497D-BAF0-399AAC87A302}.Debug|iPhoneSimulator.ActiveCfg = Debug|Any CPU
		{93E906F8-05EF-497D-BAF0-399AAC87A302}.Debug|iPhoneSimulator.Build.0 = Debug|Any CPU
		{93E906F8-05EF-497D-BAF0-399AAC87A302}.Debug|iPhoneSimulator.Deploy.0 = Debug|Any CPU
		{93E906F8-05EF-497D-BAF0-399AAC87A302}.Debug|x64.ActiveCfg = Debug|Any CPU
		{93E906F8-05EF-497D-BAF0-399AAC87A302}.Debug|x64.Build.0 = Debug|Any CPU
		{93E906F8-05EF-497D-BAF0-399AAC87A302}.Debug|x64.Deploy.0 = Debug|Any CPU
		{93E906F8-05EF-497D-BAF0-399AAC87A302}.Debug|x86.ActiveCfg = Debug|Any CPU
		{93E906F8-05EF-497D-BAF0-399AAC87A302}.Debug|x86.Build.0 = Debug|Any CPU
		{93E906F8-05EF-497D-BAF0-399AAC87A302}.Debug|x86.Deploy.0 = Debug|Any CPU
		{93E906F8-05EF-497D-BAF0-399AAC87A302}.Release|Any CPU.ActiveCfg = Release|Any CPU
		{93E906F8-05EF-497D-BAF0-399AAC87A302}.Release|Any CPU.Build.0 = Release|Any CPU
		{93E906F8-05EF-497D-BAF0-399AAC87A302}.Release|Any CPU.Deploy.0 = Release|Any CPU
		{93E906F8-05EF-497D-BAF0-399AAC87A302}.Release|ARM.ActiveCfg = Release|Any CPU
		{93E906F8-05EF-497D-BAF0-399AAC87A302}.Release|ARM.Build.0 = Release|Any CPU
		{93E906F8-05EF-497D-BAF0-399AAC87A302}.Release|ARM.Deploy.0 = Release|Any CPU
		{93E906F8-05EF-497D-BAF0-399AAC87A302}.Release|iPhone.ActiveCfg = Release|Any CPU
		{93E906F8-05EF-497D-BAF0-399AAC87A302}.Release|iPhone.Build.0 = Release|Any CPU
		{93E906F8-05EF-497D-BAF0-399AAC87A302}.Release|iPhone.Deploy.0 = Release|Any CPU
		{93E906F8-05EF-497D-BAF0-399AAC87A302}.Release|iPhoneSimulator.ActiveCfg = Release|Any CPU
		{93E906F8-05EF-497D-BAF0-399AAC87A302}.Release|iPhoneSimulator.Build.0 = Release|Any CPU
		{93E906F8-05EF-497D-BAF0-399AAC87A302}.Release|iPhoneSimulator.Deploy.0 = Release|Any CPU
		{93E906F8-05EF-497D-BAF0-399AAC87A302}.Release|x64.ActiveCfg = Release|Any CPU
		{93E906F8-05EF-497D-BAF0-399AAC87A302}.Release|x64.Build.0 = Release|Any CPU
		{93E906F8-05EF-497D-BAF0-399AAC87A302}.Release|x64.Deploy.0 = Release|Any CPU
		{93E906F8-05EF-497D-BAF0-399AAC87A302}.Release|x86.ActiveCfg = Release|Any CPU
		{93E906F8-05EF-497D-BAF0-399AAC87A302}.Release|x86.Build.0 = Release|Any CPU
		{93E906F8-05EF-497D-BAF0-399AAC87A302}.Release|x86.Deploy.0 = Release|Any CPU
	EndGlobalSection
	GlobalSection(SolutionProperties) = preSolution
		HideSolutionNode = FALSE
	EndGlobalSection
	GlobalSection(ExtensibilityGlobals) = postSolution
		SolutionGuid = {D9291FE4-669D-45A3-B559-E3221268DE87}
	EndGlobalSection
EndGlobal
